
Microsoft Visual Studio Solution File, Format Version 12.00
# Visual Studio 2012
Project("{2150E333-8FDC-42A3-9474-1A3956D46DE8}") = "Solution Items", "Solution Items", "{4C7BFE94-A402-499A-9A2C-BB0A44E261D5}"
	ProjectSection(SolutionItems) = preProject
		DataGenerator.vsmdi = DataGenerator.vsmdi
		LocalTestRun.testrunconfig = LocalTestRun.testrunconfig
	EndProjectSection
EndProject
Project("{FAE04EC0-301F-11D3-BF4B-00C04F79EFBC}") = "gk.DataGenerator", "gk.DataGenerator\gk.DataGenerator.csproj", "{7E0AFB0B-0000-4D8A-A3CC-EADD3BC14298}"
EndProject
Project("{FAE04EC0-301F-11D3-BF4B-00C04F79EFBC}") = "gk.DataGenerator.tdg", "gk.DataGenerator.CommandLine\gk.DataGenerator.tdg.csproj", "{655F996B-816E-49E7-8226-DEA4F93BF22D}"
	ProjectSection(ProjectDependencies) = postProject
		{7E0AFB0B-0000-4D8A-A3CC-EADD3BC14298} = {7E0AFB0B-0000-4D8A-A3CC-EADD3BC14298}
	EndProjectSection
EndProject
Project("{FAE04EC0-301F-11D3-BF4B-00C04F79EFBC}") = "gk.DataGeneratorTests", "gk.DataGeneratorTests\gk.DataGeneratorTests.csproj", "{1142072E-6FBE-4496-9356-7862723F40A1}"
	ProjectSection(ProjectDependencies) = postProject
		{7E0AFB0B-0000-4D8A-A3CC-EADD3BC14298} = {7E0AFB0B-0000-4D8A-A3CC-EADD3BC14298}
	EndProjectSection
EndProject
Global
	GlobalSection(TestCaseManagementSettings) = postSolution
		CategoryFile = DataGenerator.vsmdi
	EndGlobalSection
	GlobalSection(SolutionConfigurationPlatforms) = preSolution
		Debug|Any CPU = Debug|Any CPU
		Release|Any CPU = Release|Any CPU
	EndGlobalSection
	GlobalSection(ProjectConfigurationPlatforms) = postSolution
		{7E0AFB0B-0000-4D8A-A3CC-EADD3BC14298}.Debug|Any CPU.ActiveCfg = Debug|Any CPU
		{7E0AFB0B-0000-4D8A-A3CC-EADD3BC14298}.Debug|Any CPU.Build.0 = Debug|Any CPU
		{7E0AFB0B-0000-4D8A-A3CC-EADD3BC14298}.Release|Any CPU.ActiveCfg = Release|Any CPU
		{7E0AFB0B-0000-4D8A-A3CC-EADD3BC14298}.Release|Any CPU.Build.0 = Release|Any CPU
		{655F996B-816E-49E7-8226-DEA4F93BF22D}.Debug|Any CPU.ActiveCfg = Debug|Any CPU
		{655F996B-816E-49E7-8226-DEA4F93BF22D}.Debug|Any CPU.Build.0 = Debug|Any CPU
		{655F996B-816E-49E7-8226-DEA4F93BF22D}.Release|Any CPU.ActiveCfg = Release|Any CPU
		{655F996B-816E-49E7-8226-DEA4F93BF22D}.Release|Any CPU.Build.0 = Release|Any CPU
		{1142072E-6FBE-4496-9356-7862723F40A1}.Debug|Any CPU.ActiveCfg = Debug|Any CPU
		{1142072E-6FBE-4496-9356-7862723F40A1}.Debug|Any CPU.Build.0 = Debug|Any CPU
		{1142072E-6FBE-4496-9356-7862723F40A1}.Release|Any CPU.ActiveCfg = Release|Any CPU
		{1142072E-6FBE-4496-9356-7862723F40A1}.Release|Any CPU.Build.0 = Release|Any CPU
	EndGlobalSection
	GlobalSection(SolutionProperties) = preSolution
		HideSolutionNode = FALSE
	EndGlobalSection
EndGlobal
